
Microsoft Visual Studio Solution File, Format Version 12.00
# Visual Studio Version 17
VisualStudioVersion = 17.0.32126.317
MinimumVisualStudioVersion = 10.0.40219.1
Project("{FAE04EC0-301F-11D3-BF4B-00C04F79EFBC}") = "ApiTicketSAG", "ApiTicketSAG\ApiTicketSAG.csproj", "{8A4135F7-EA9C-4838-BF7E-25C2FE2A51EF}"
EndProject
Global
	GlobalSection(SolutionConfigurationPlatforms) = preSolution
		Debug|Any CPU = Debug|Any CPU
		Release|Any CPU = Release|Any CPU
	EndGlobalSection
	GlobalSection(ProjectConfigurationPlatforms) = postSolution
		{8A4135F7-EA9C-4838-BF7E-25C2FE2A51EF}.Debug|Any CPU.ActiveCfg = Debug|Any CPU
		{8A4135F7-EA9C-4838-BF7E-25C2FE2A51EF}.Debug|Any CPU.Build.0 = Debug|Any CPU
		{8A4135F7-EA9C-4838-BF7E-25C2FE2A51EF}.Release|Any CPU.ActiveCfg = Release|Any CPU
		{8A4135F7-EA9C-4838-BF7E-25C2FE2A51EF}.Release|Any CPU.Build.0 = Release|Any CPU
	EndGlobalSection
	GlobalSection(SolutionProperties) = preSolution
		HideSolutionNode = FALSE
	EndGlobalSection
	GlobalSection(ExtensibilityGlobals) = postSolution
		SolutionGuid = {1F3F50A3-0122-4FC6-9B2C-C5B8695E95BE}
	EndGlobalSection
EndGlobal
